
Microsoft Visual Studio Solution File, Format Version 12.00
Project("{FAE04EC0-301F-11D3-BF4B-00C04F79EFBC}") = "poc-api-dotnet-cicd-template-usage-fase4", "poc-api-dotnet-cicd-template-usage-fase4.csproj", "{BB7231A0-DF3B-4C37-B3CF-1EE654ACEAB3}"
EndProject
Project("{FAE04EC0-301F-11D3-BF4B-00C04F79EFBC}") = "poc-api-dotnet-Tests", "..\poc-api-dotnet-Tests\poc-api-dotnet-Tests.csproj", "{8B8162EC-5646-4867-90B6-F43C42D84FC2}"
EndProject
Global
	GlobalSection(SolutionConfigurationPlatforms) = preSolution
		Debug|Any CPU = Debug|Any CPU
		Release|Any CPU = Release|Any CPU
	EndGlobalSection
	GlobalSection(ProjectConfigurationPlatforms) = postSolution
		{BB7231A0-DF3B-4C37-B3CF-1EE654ACEAB3}.Debug|Any CPU.ActiveCfg = Debug|Any CPU
		{BB7231A0-DF3B-4C37-B3CF-1EE654ACEAB3}.Debug|Any CPU.Build.0 = Debug|Any CPU
		{BB7231A0-DF3B-4C37-B3CF-1EE654ACEAB3}.Release|Any CPU.ActiveCfg = Release|Any CPU
		{BB7231A0-DF3B-4C37-B3CF-1EE654ACEAB3}.Release|Any CPU.Build.0 = Release|Any CPU
		{8B8162EC-5646-4867-90B6-F43C42D84FC2}.Debug|Any CPU.ActiveCfg = Debug|Any CPU
		{8B8162EC-5646-4867-90B6-F43C42D84FC2}.Debug|Any CPU.Build.0 = Debug|Any CPU
		{8B8162EC-5646-4867-90B6-F43C42D84FC2}.Release|Any CPU.ActiveCfg = Release|Any CPU
		{8B8162EC-5646-4867-90B6-F43C42D84FC2}.Release|Any CPU.Build.0 = Release|Any CPU
	EndGlobalSection
EndGlobal
